
Microsoft Visual Studio Solution File, Format Version 12.00
# Visual Studio Version 16
VisualStudioVersion = 16.0.31005.135
MinimumVisualStudioVersion = 10.0.40219.1
Project("{FAE04EC0-301F-11D3-BF4B-00C04F79EFBC}") = "Reservations", "Reservations\Reservations.csproj", "{9449A265-3580-430B-8EEF-A14C603FDAD5}"
EndProject
Project("{FAE04EC0-301F-11D3-BF4B-00C04F79EFBC}") = "Database", "Database\Database.csproj", "{ED573C6D-0790-43B0-8BAB-04642B59EB2E}"
EndProject
Global
	GlobalSection(SolutionConfigurationPlatforms) = preSolution
		Debug|Any CPU = Debug|Any CPU
		Release|Any CPU = Release|Any CPU
	EndGlobalSection
	GlobalSection(ProjectConfigurationPlatforms) = postSolution
		{9449A265-3580-430B-8EEF-A14C603FDAD5}.Debug|Any CPU.ActiveCfg = Debug|Any CPU
		{9449A265-3580-430B-8EEF-A14C603FDAD5}.Debug|Any CPU.Build.0 = Debug|Any CPU
		{9449A265-3580-430B-8EEF-A14C603FDAD5}.Release|Any CPU.ActiveCfg = Release|Any CPU
		{9449A265-3580-430B-8EEF-A14C603FDAD5}.Release|Any CPU.Build.0 = Release|Any CPU
		{ED573C6D-0790-43B0-8BAB-04642B59EB2E}.Debug|Any CPU.ActiveCfg = Debug|Any CPU
		{ED573C6D-0790-43B0-8BAB-04642B59EB2E}.Debug|Any CPU.Build.0 = Debug|Any CPU
		{ED573C6D-0790-43B0-8BAB-04642B59EB2E}.Release|Any CPU.ActiveCfg = Release|Any CPU
		{ED573C6D-0790-43B0-8BAB-04642B59EB2E}.Release|Any CPU.Build.0 = Release|Any CPU
	EndGlobalSection
	GlobalSection(SolutionProperties) = preSolution
		HideSolutionNode = FALSE
	EndGlobalSection
	GlobalSection(ExtensibilityGlobals) = postSolution
		SolutionGuid = {B4EC1F9E-97BC-4BB1-BD71-523403AB611D}
	EndGlobalSection
EndGlobal
